
Microsoft Visual Studio Solution File, Format Version 12.00
# Visual Studio 14
VisualStudioVersion = 14.0.25420.1
MinimumVisualStudioVersion = 10.0.40219.1
Project("{2150E333-8FDC-42A3-9474-1A3956D46DE8}") = "src", "src", "{C21E2545-3D3F-417E-882B-55D10A983686}"
EndProject
Project("{2150E333-8FDC-42A3-9474-1A3956D46DE8}") = "Solution Items", "Solution Items", "{69C68483-BE21-42A5-820B-7D235C4D342D}"
	ProjectSection(SolutionItems) = preProject
		global.json = global.json
	EndProjectSection
EndProject
Project("{8BB2217D-0F2D-49D1-97BC-3654ED321F3B}") = "FatFoodie.WebApi", "src\FatFoodie.WebApi\FatFoodie.WebApi.xproj", "{32B655BB-A8A8-4ECD-AC2D-22D7405F399C}"
EndProject
Project("{FAE04EC0-301F-11D3-BF4B-00C04F79EFBC}") = "FatFoodie.Contracts", "src\FatFoodie.Contracts\FatFoodie.Contracts.csproj", "{8C556DAC-1D97-4F48-B67C-597817F20947}"
EndProject
Project("{FAE04EC0-301F-11D3-BF4B-00C04F79EFBC}") = "FatFoodie.Application", "src\FatFoodie.Application\FatFoodie.Application.csproj", "{6F6A003D-CFCE-4663-AD57-F711A1BB103D}"
EndProject
Project("{2150E333-8FDC-42A3-9474-1A3956D46DE8}") = "tests", "tests", "{1B5AA87F-F042-402A-9E13-E74D2F709DF3}"
EndProject
Project("{FAE04EC0-301F-11D3-BF4B-00C04F79EFBC}") = "FatFoodie.UnitTests", "tests\FatFoodie.UnitTests\FatFoodie.UnitTests.csproj", "{9CB3C5D9-6927-4425-9F49-E076EE01F19F}"
EndProject
Project("{FAE04EC0-301F-11D3-BF4B-00C04F79EFBC}") = "FatFoodie.AcceptanceTests", "FatFoodie.AcceptanceTests\FatFoodie.AcceptanceTests.csproj", "{594A956D-1857-42CD-A9AA-BBE46CF108FA}"
EndProject
Project("{FAE04EC0-301F-11D3-BF4B-00C04F79EFBC}") = "FatFoodie.DataAccess", "FatFoodie.DataAccess\FatFoodie.DataAccess.csproj", "{FAFB0246-16A4-49FF-954E-4967C2074C49}"
EndProject
Project("{FAE04EC0-301F-11D3-BF4B-00C04F79EFBC}") = "FatFoodie.Domain", "src\FatFoodie.Domain\FatFoodie.Domain.csproj", "{CE03E715-000F-48EC-A51E-C58322948388}"
EndProject
Project("{2150E333-8FDC-42A3-9474-1A3956D46DE8}") = "Infrastructure", "Infrastructure", "{47E2976F-D29C-4514-8D9B-AB4A18A36FCE}"
EndProject
Project("{00D1A9C2-B5F0-4AF3-8072-F6C62B433612}") = "FatFoodie.Database", "FatFoodie.Database\FatFoodie.Database.sqlproj", "{0385EF96-D9FF-403D-AF26-0E3E91891DF9}"
EndProject
Project("{FAE04EC0-301F-11D3-BF4B-00C04F79EFBC}") = "FatFoodie.IntegrationTests", "FatFoodie.IntegrationTests\FatFoodie.IntegrationTests.csproj", "{209A4E36-B52B-4148-AADB-F7AD4C722A10}"
EndProject
Project("{FAE04EC0-301F-11D3-BF4B-00C04F79EFBC}") = "FatFoodie.Infrastructure", "src\FatFoodie.Infrastructure\FatFoodie.Infrastructure.csproj", "{81B05D23-E7FC-4F56-BF2B-F68995F296B4}"
EndProject
Global
	GlobalSection(SolutionConfigurationPlatforms) = preSolution
		Debug|Any CPU = Debug|Any CPU
		Release|Any CPU = Release|Any CPU
	EndGlobalSection
	GlobalSection(ProjectConfigurationPlatforms) = postSolution
		{32B655BB-A8A8-4ECD-AC2D-22D7405F399C}.Debug|Any CPU.ActiveCfg = Debug|Any CPU
		{32B655BB-A8A8-4ECD-AC2D-22D7405F399C}.Debug|Any CPU.Build.0 = Debug|Any CPU
		{32B655BB-A8A8-4ECD-AC2D-22D7405F399C}.Release|Any CPU.ActiveCfg = Release|Any CPU
		{32B655BB-A8A8-4ECD-AC2D-22D7405F399C}.Release|Any CPU.Build.0 = Release|Any CPU
		{8C556DAC-1D97-4F48-B67C-597817F20947}.Debug|Any CPU.ActiveCfg = Debug|Any CPU
		{8C556DAC-1D97-4F48-B67C-597817F20947}.Debug|Any CPU.Build.0 = Debug|Any CPU
		{8C556DAC-1D97-4F48-B67C-597817F20947}.Release|Any CPU.ActiveCfg = Release|Any CPU
		{8C556DAC-1D97-4F48-B67C-597817F20947}.Release|Any CPU.Build.0 = Release|Any CPU
		{6F6A003D-CFCE-4663-AD57-F711A1BB103D}.Debug|Any CPU.ActiveCfg = Debug|Any CPU
		{6F6A003D-CFCE-4663-AD57-F711A1BB103D}.Debug|Any CPU.Build.0 = Debug|Any CPU
		{6F6A003D-CFCE-4663-AD57-F711A1BB103D}.Release|Any CPU.ActiveCfg = Release|Any CPU
		{6F6A003D-CFCE-4663-AD57-F711A1BB103D}.Release|Any CPU.Build.0 = Release|Any CPU
		{9CB3C5D9-6927-4425-9F49-E076EE01F19F}.Debug|Any CPU.ActiveCfg = Debug|Any CPU
		{9CB3C5D9-6927-4425-9F49-E076EE01F19F}.Debug|Any CPU.Build.0 = Debug|Any CPU
		{9CB3C5D9-6927-4425-9F49-E076EE01F19F}.Release|Any CPU.ActiveCfg = Release|Any CPU
		{9CB3C5D9-6927-4425-9F49-E076EE01F19F}.Release|Any CPU.Build.0 = Release|Any CPU
		{594A956D-1857-42CD-A9AA-BBE46CF108FA}.Debug|Any CPU.ActiveCfg = Debug|Any CPU
		{594A956D-1857-42CD-A9AA-BBE46CF108FA}.Debug|Any CPU.Build.0 = Debug|Any CPU
		{594A956D-1857-42CD-A9AA-BBE46CF108FA}.Release|Any CPU.ActiveCfg = Release|Any CPU
		{594A956D-1857-42CD-A9AA-BBE46CF108FA}.Release|Any CPU.Build.0 = Release|Any CPU
		{FAFB0246-16A4-49FF-954E-4967C2074C49}.Debug|Any CPU.ActiveCfg = Debug|Any CPU
		{FAFB0246-16A4-49FF-954E-4967C2074C49}.Debug|Any CPU.Build.0 = Debug|Any CPU
		{FAFB0246-16A4-49FF-954E-4967C2074C49}.Release|Any CPU.ActiveCfg = Release|Any CPU
		{FAFB0246-16A4-49FF-954E-4967C2074C49}.Release|Any CPU.Build.0 = Release|Any CPU
		{CE03E715-000F-48EC-A51E-C58322948388}.Debug|Any CPU.ActiveCfg = Debug|Any CPU
		{CE03E715-000F-48EC-A51E-C58322948388}.Debug|Any CPU.Build.0 = Debug|Any CPU
		{CE03E715-000F-48EC-A51E-C58322948388}.Release|Any CPU.ActiveCfg = Release|Any CPU
		{CE03E715-000F-48EC-A51E-C58322948388}.Release|Any CPU.Build.0 = Release|Any CPU
		{0385EF96-D9FF-403D-AF26-0E3E91891DF9}.Debug|Any CPU.ActiveCfg = Debug|Any CPU
		{0385EF96-D9FF-403D-AF26-0E3E91891DF9}.Debug|Any CPU.Build.0 = Debug|Any CPU
		{0385EF96-D9FF-403D-AF26-0E3E91891DF9}.Debug|Any CPU.Deploy.0 = Debug|Any CPU
		{0385EF96-D9FF-403D-AF26-0E3E91891DF9}.Release|Any CPU.ActiveCfg = Release|Any CPU
		{0385EF96-D9FF-403D-AF26-0E3E91891DF9}.Release|Any CPU.Build.0 = Release|Any CPU
		{0385EF96-D9FF-403D-AF26-0E3E91891DF9}.Release|Any CPU.Deploy.0 = Release|Any CPU
		{209A4E36-B52B-4148-AADB-F7AD4C722A10}.Debug|Any CPU.ActiveCfg = Debug|Any CPU
		{209A4E36-B52B-4148-AADB-F7AD4C722A10}.Debug|Any CPU.Build.0 = Debug|Any CPU
		{209A4E36-B52B-4148-AADB-F7AD4C722A10}.Release|Any CPU.ActiveCfg = Release|Any CPU
		{209A4E36-B52B-4148-AADB-F7AD4C722A10}.Release|Any CPU.Build.0 = Release|Any CPU
		{81B05D23-E7FC-4F56-BF2B-F68995F296B4}.Debug|Any CPU.ActiveCfg = Debug|Any CPU
		{81B05D23-E7FC-4F56-BF2B-F68995F296B4}.Debug|Any CPU.Build.0 = Debug|Any CPU
		{81B05D23-E7FC-4F56-BF2B-F68995F296B4}.Release|Any CPU.ActiveCfg = Release|Any CPU
		{81B05D23-E7FC-4F56-BF2B-F68995F296B4}.Release|Any CPU.Build.0 = Release|Any CPU
	EndGlobalSection
	GlobalSection(SolutionProperties) = preSolution
		HideSolutionNode = FALSE
	EndGlobalSection
	GlobalSection(NestedProjects) = preSolution
		{32B655BB-A8A8-4ECD-AC2D-22D7405F399C} = {C21E2545-3D3F-417E-882B-55D10A983686}
		{8C556DAC-1D97-4F48-B67C-597817F20947} = {C21E2545-3D3F-417E-882B-55D10A983686}
		{6F6A003D-CFCE-4663-AD57-F711A1BB103D} = {C21E2545-3D3F-417E-882B-55D10A983686}
		{9CB3C5D9-6927-4425-9F49-E076EE01F19F} = {1B5AA87F-F042-402A-9E13-E74D2F709DF3}
		{594A956D-1857-42CD-A9AA-BBE46CF108FA} = {1B5AA87F-F042-402A-9E13-E74D2F709DF3}
		{FAFB0246-16A4-49FF-954E-4967C2074C49} = {C21E2545-3D3F-417E-882B-55D10A983686}
		{CE03E715-000F-48EC-A51E-C58322948388} = {C21E2545-3D3F-417E-882B-55D10A983686}
		{47E2976F-D29C-4514-8D9B-AB4A18A36FCE} = {C21E2545-3D3F-417E-882B-55D10A983686}
		{0385EF96-D9FF-403D-AF26-0E3E91891DF9} = {47E2976F-D29C-4514-8D9B-AB4A18A36FCE}
		{209A4E36-B52B-4148-AADB-F7AD4C722A10} = {1B5AA87F-F042-402A-9E13-E74D2F709DF3}
		{81B05D23-E7FC-4F56-BF2B-F68995F296B4} = {47E2976F-D29C-4514-8D9B-AB4A18A36FCE}
	EndGlobalSection
EndGlobal
